
Microsoft Visual Studio Solution File, Format Version 12.00
# Visual Studio Version 17
VisualStudioVersion = 17.5.33414.496
MinimumVisualStudioVersion = 10.0.40219.1
Project("{FAE04EC0-301F-11D3-BF4B-00C04F79EFBC}") = "Administrator", "Administrator\Administrator.csproj", "{B1FB9582-E829-42C3-9A7B-35D6360AA132}"
EndProject
Project("{FAE04EC0-301F-11D3-BF4B-00C04F79EFBC}") = "Consultant", "Consultant\Consultant.csproj", "{30AB7AD4-0A27-464C-8B6B-A5BFAE12A163}"
EndProject
Project("{FAE04EC0-301F-11D3-BF4B-00C04F79EFBC}") = "Client", "Client\Client.csproj", "{35884707-0F13-44A8-87F7-8338D1DF4A5D}"
EndProject
Project("{FAE04EC0-301F-11D3-BF4B-00C04F79EFBC}") = "Courier", "Courier\Courier.csproj", "{43417715-353A-4BD2-A22F-32E7C770464D}"
EndProject
Global
	GlobalSection(SolutionConfigurationPlatforms) = preSolution
		Debug|Any CPU = Debug|Any CPU
		Release|Any CPU = Release|Any CPU
	EndGlobalSection
	GlobalSection(ProjectConfigurationPlatforms) = postSolution
		{B1FB9582-E829-42C3-9A7B-35D6360AA132}.Debug|Any CPU.ActiveCfg = Debug|Any CPU
		{B1FB9582-E829-42C3-9A7B-35D6360AA132}.Debug|Any CPU.Build.0 = Debug|Any CPU
		{B1FB9582-E829-42C3-9A7B-35D6360AA132}.Release|Any CPU.ActiveCfg = Release|Any CPU
		{B1FB9582-E829-42C3-9A7B-35D6360AA132}.Release|Any CPU.Build.0 = Release|Any CPU
		{30AB7AD4-0A27-464C-8B6B-A5BFAE12A163}.Debug|Any CPU.ActiveCfg = Debug|Any CPU
		{30AB7AD4-0A27-464C-8B6B-A5BFAE12A163}.Debug|Any CPU.Build.0 = Debug|Any CPU
		{30AB7AD4-0A27-464C-8B6B-A5BFAE12A163}.Release|Any CPU.ActiveCfg = Release|Any CPU
		{30AB7AD4-0A27-464C-8B6B-A5BFAE12A163}.Release|Any CPU.Build.0 = Release|Any CPU
		{35884707-0F13-44A8-87F7-8338D1DF4A5D}.Debug|Any CPU.ActiveCfg = Debug|Any CPU
		{35884707-0F13-44A8-87F7-8338D1DF4A5D}.Debug|Any CPU.Build.0 = Debug|Any CPU
		{35884707-0F13-44A8-87F7-8338D1DF4A5D}.Release|Any CPU.ActiveCfg = Release|Any CPU
		{35884707-0F13-44A8-87F7-8338D1DF4A5D}.Release|Any CPU.Build.0 = Release|Any CPU
		{43417715-353A-4BD2-A22F-32E7C770464D}.Debug|Any CPU.ActiveCfg = Debug|Any CPU
		{43417715-353A-4BD2-A22F-32E7C770464D}.Debug|Any CPU.Build.0 = Debug|Any CPU
		{43417715-353A-4BD2-A22F-32E7C770464D}.Release|Any CPU.ActiveCfg = Release|Any CPU
		{43417715-353A-4BD2-A22F-32E7C770464D}.Release|Any CPU.Build.0 = Release|Any CPU
	EndGlobalSection
	GlobalSection(SolutionProperties) = preSolution
		HideSolutionNode = FALSE
	EndGlobalSection
	GlobalSection(ExtensibilityGlobals) = postSolution
		SolutionGuid = {386E9076-9E3F-47A9-B247-DA180F59487C}
	EndGlobalSection
EndGlobal
